
Microsoft Visual Studio Solution File, Format Version 12.00
# Visual Studio 2013
VisualStudioVersion = 12.0.31101.0
MinimumVisualStudioVersion = 10.0.40219.1
Project("{FAE04EC0-301F-11D3-BF4B-00C04F79EFBC}") = "BlendDemoPrep", "BlendDemoPrep\BlendDemoPrep.csproj", "{E2A99231-7E7D-4F0D-A1EC-B801C9898345}"
EndProject
Project("{FAE04EC0-301F-11D3-BF4B-00C04F79EFBC}") = "BlendDemoCommon", "BlendDemoCommon\BlendDemoCommon.csproj", "{F17A8D40-78D3-4D65-BE72-3C625E02CD6F}"
EndProject
Global
	GlobalSection(SolutionConfigurationPlatforms) = preSolution
		Debug|Any CPU = Debug|Any CPU
		Debug|ARM = Debug|ARM
		Debug|x64 = Debug|x64
		Debug|x86 = Debug|x86
		Release|Any CPU = Release|Any CPU
		Release|ARM = Release|ARM
		Release|x64 = Release|x64
		Release|x86 = Release|x86
	EndGlobalSection
	GlobalSection(ProjectConfigurationPlatforms) = postSolution
		{E2A99231-7E7D-4F0D-A1EC-B801C9898345}.Debug|Any CPU.ActiveCfg = Debug|Any CPU
		{E2A99231-7E7D-4F0D-A1EC-B801C9898345}.Debug|Any CPU.Build.0 = Debug|Any CPU
		{E2A99231-7E7D-4F0D-A1EC-B801C9898345}.Debug|Any CPU.Deploy.0 = Debug|Any CPU
		{E2A99231-7E7D-4F0D-A1EC-B801C9898345}.Debug|ARM.ActiveCfg = Debug|ARM
		{E2A99231-7E7D-4F0D-A1EC-B801C9898345}.Debug|ARM.Build.0 = Debug|ARM
		{E2A99231-7E7D-4F0D-A1EC-B801C9898345}.Debug|ARM.Deploy.0 = Debug|ARM
		{E2A99231-7E7D-4F0D-A1EC-B801C9898345}.Debug|x64.ActiveCfg = Debug|x64
		{E2A99231-7E7D-4F0D-A1EC-B801C9898345}.Debug|x64.Build.0 = Debug|x64
		{E2A99231-7E7D-4F0D-A1EC-B801C9898345}.Debug|x64.Deploy.0 = Debug|x64
		{E2A99231-7E7D-4F0D-A1EC-B801C9898345}.Debug|x86.ActiveCfg = Debug|x86
		{E2A99231-7E7D-4F0D-A1EC-B801C9898345}.Debug|x86.Build.0 = Debug|x86
		{E2A99231-7E7D-4F0D-A1EC-B801C9898345}.Debug|x86.Deploy.0 = Debug|x86
		{E2A99231-7E7D-4F0D-A1EC-B801C9898345}.Release|Any CPU.ActiveCfg = Release|Any CPU
		{E2A99231-7E7D-4F0D-A1EC-B801C9898345}.Release|Any CPU.Build.0 = Release|Any CPU
		{E2A99231-7E7D-4F0D-A1EC-B801C9898345}.Release|Any CPU.Deploy.0 = Release|Any CPU
		{E2A99231-7E7D-4F0D-A1EC-B801C9898345}.Release|ARM.ActiveCfg = Release|ARM
		{E2A99231-7E7D-4F0D-A1EC-B801C9898345}.Release|ARM.Build.0 = Release|ARM
		{E2A99231-7E7D-4F0D-A1EC-B801C9898345}.Release|ARM.Deploy.0 = Release|ARM
		{E2A99231-7E7D-4F0D-A1EC-B801C9898345}.Release|x64.ActiveCfg = Release|x64
		{E2A99231-7E7D-4F0D-A1EC-B801C9898345}.Release|x64.Build.0 = Release|x64
		{E2A99231-7E7D-4F0D-A1EC-B801C9898345}.Release|x64.Deploy.0 = Release|x64
		{E2A99231-7E7D-4F0D-A1EC-B801C9898345}.Release|x86.ActiveCfg = Release|x86
		{E2A99231-7E7D-4F0D-A1EC-B801C9898345}.Release|x86.Build.0 = Release|x86
		{E2A99231-7E7D-4F0D-A1EC-B801C9898345}.Release|x86.Deploy.0 = Release|x86
		{F17A8D40-78D3-4D65-BE72-3C625E02CD6F}.Debug|Any CPU.ActiveCfg = Debug|Any CPU
		{F17A8D40-78D3-4D65-BE72-3C625E02CD6F}.Debug|Any CPU.Build.0 = Debug|Any CPU
		{F17A8D40-78D3-4D65-BE72-3C625E02CD6F}.Debug|ARM.ActiveCfg = Debug|Any CPU
		{F17A8D40-78D3-4D65-BE72-3C625E02CD6F}.Debug|x64.ActiveCfg = Debug|Any CPU
		{F17A8D40-78D3-4D65-BE72-3C625E02CD6F}.Debug|x86.ActiveCfg = Debug|Any CPU
		{F17A8D40-78D3-4D65-BE72-3C625E02CD6F}.Release|Any CPU.ActiveCfg = Release|Any CPU
		{F17A8D40-78D3-4D65-BE72-3C625E02CD6F}.Release|Any CPU.Build.0 = Release|Any CPU
		{F17A8D40-78D3-4D65-BE72-3C625E02CD6F}.Release|ARM.ActiveCfg = Release|Any CPU
		{F17A8D40-78D3-4D65-BE72-3C625E02CD6F}.Release|x64.ActiveCfg = Release|Any CPU
		{F17A8D40-78D3-4D65-BE72-3C625E02CD6F}.Release|x86.ActiveCfg = Release|Any CPU
	EndGlobalSection
	GlobalSection(SolutionProperties) = preSolution
		HideSolutionNode = FALSE
	EndGlobalSection
EndGlobal
